
Microsoft Visual Studio Solution File, Format Version 12.00
# Visual Studio Version 16
VisualStudioVersion = 16.0.31829.152
MinimumVisualStudioVersion = 10.0.40219.1
Project("{FAE04EC0-301F-11D3-BF4B-00C04F79EFBC}") = "InstanceVariableProgram", "InstanceVariableProgram\InstanceVariableProgram.csproj", "{EC7F63E3-443F-4AB2-968A-15617996956D}"
EndProject
Project("{FAE04EC0-301F-11D3-BF4B-00C04F79EFBC}") = "TaxCalculation", "TaxCalculation\TaxCalculation.csproj", "{43FE45D1-D0D3-46F7-880F-667AD0372DA2}"
EndProject
Global
	GlobalSection(SolutionConfigurationPlatforms) = preSolution
		Debug|Any CPU = Debug|Any CPU
		Release|Any CPU = Release|Any CPU
	EndGlobalSection
	GlobalSection(ProjectConfigurationPlatforms) = postSolution
		{EC7F63E3-443F-4AB2-968A-15617996956D}.Debug|Any CPU.ActiveCfg = Debug|Any CPU
		{EC7F63E3-443F-4AB2-968A-15617996956D}.Debug|Any CPU.Build.0 = Debug|Any CPU
		{EC7F63E3-443F-4AB2-968A-15617996956D}.Release|Any CPU.ActiveCfg = Release|Any CPU
		{EC7F63E3-443F-4AB2-968A-15617996956D}.Release|Any CPU.Build.0 = Release|Any CPU
		{43FE45D1-D0D3-46F7-880F-667AD0372DA2}.Debug|Any CPU.ActiveCfg = Debug|Any CPU
		{43FE45D1-D0D3-46F7-880F-667AD0372DA2}.Debug|Any CPU.Build.0 = Debug|Any CPU
		{43FE45D1-D0D3-46F7-880F-667AD0372DA2}.Release|Any CPU.ActiveCfg = Release|Any CPU
		{43FE45D1-D0D3-46F7-880F-667AD0372DA2}.Release|Any CPU.Build.0 = Release|Any CPU
	EndGlobalSection
	GlobalSection(SolutionProperties) = preSolution
		HideSolutionNode = FALSE
	EndGlobalSection
	GlobalSection(ExtensibilityGlobals) = postSolution
		SolutionGuid = {5A10C018-49EF-49DF-9B2A-09739A26BF15}
	EndGlobalSection
EndGlobal
